
Microsoft Visual Studio Solution File, Format Version 12.00
# Visual Studio Version 16
VisualStudioVersion = 16.0.29709.97
MinimumVisualStudioVersion = 10.0.40219.1
Project("{FAE04EC0-301F-11D3-BF4B-00C04F79EFBC}") = "HSVIEWER", "HSVIEWER\HSVIEWER.csproj", "{90BA9B4E-F759-462E-ADB4-F6723B910CE4}"
EndProject
Project("{FAE04EC0-301F-11D3-BF4B-00C04F79EFBC}") = "Entities", "Entities\Entities.csproj", "{4289CC7C-9652-475B-A697-B2B386AA33F3}"
EndProject
Global
	GlobalSection(SolutionConfigurationPlatforms) = preSolution
		Debug|Any CPU = Debug|Any CPU
		Release|Any CPU = Release|Any CPU
	EndGlobalSection
	GlobalSection(ProjectConfigurationPlatforms) = postSolution
		{90BA9B4E-F759-462E-ADB4-F6723B910CE4}.Debug|Any CPU.ActiveCfg = Debug|Any CPU
		{90BA9B4E-F759-462E-ADB4-F6723B910CE4}.Debug|Any CPU.Build.0 = Debug|Any CPU
		{90BA9B4E-F759-462E-ADB4-F6723B910CE4}.Release|Any CPU.ActiveCfg = Release|Any CPU
		{90BA9B4E-F759-462E-ADB4-F6723B910CE4}.Release|Any CPU.Build.0 = Release|Any CPU
		{4289CC7C-9652-475B-A697-B2B386AA33F3}.Debug|Any CPU.ActiveCfg = Debug|Any CPU
		{4289CC7C-9652-475B-A697-B2B386AA33F3}.Debug|Any CPU.Build.0 = Debug|Any CPU
		{4289CC7C-9652-475B-A697-B2B386AA33F3}.Release|Any CPU.ActiveCfg = Release|Any CPU
		{4289CC7C-9652-475B-A697-B2B386AA33F3}.Release|Any CPU.Build.0 = Release|Any CPU
	EndGlobalSection
	GlobalSection(SolutionProperties) = preSolution
		HideSolutionNode = FALSE
	EndGlobalSection
	GlobalSection(ExtensibilityGlobals) = postSolution
		SolutionGuid = {09C4C459-AA75-41C6-95E9-B219E7D3B301}
	EndGlobalSection
EndGlobal
